// !$*UTF8*$!
{
	archiveVersion = 1;
	classes = {
	};
	objectVersion = 77;
	objects = {

/* Begin PBXBuildFile section */
		5939D6902FE6EA2F0079858D /* Assets.xcassets in Resources */ = {isa = PBXBuildFile; fileRef = 5939D6862FE6EA2F0079858D /* Assets.xcassets */; };
		5939D6922FE6EA2F0079858D /* LaunchScreen.storyboard in Resources */ = {isa = PBXBuildFile; fileRef = 5939D68A2FE6EA2F0079858D /* LaunchScreen.storyboard */; };
		5939D6932FE6EA2F0079858D /* AppDelegate.swift in Sources */ = {isa = PBXBuildFile; fileRef = 5939D6852FE6EA2F0079858D /* AppDelegate.swift */; };
		5939D6942FE6EA2F0079858D /* HorizontalScrollView.swift in Sources */ = {isa = PBXBuildFile; fileRef = 5939D6872FE6EA2F0079858D /* HorizontalScrollView.swift */; };
		5939D6952FE6EA2F0079858D /* NestedTypes.swift in Sources */ = {isa = PBXBuildFile; fileRef = 5939D68B2FE6EA2F0079858D /* NestedTypes.swift */; };
		5939D6962FE6EA2F0079858D /* SceneDelegate.swift in Sources */ = {isa = PBXBuildFile; fileRef = 5939D68C2FE6EA2F0079858D /* SceneDelegate.swift */; };
		5939D6982FE6EA2F0079858D /* ViewController.swift in Sources */ = {isa = PBXBuildFile; fileRef = 5939D68E2FE6EA2F0079858D /* ViewController.swift */; };
		5939D69D2FE6EDE40079858D /* TeaManager.swift in Sources */ = {isa = PBXBuildFile; fileRef = 5939D69C2FE6EDE40079858D /* TeaManager.swift */; };
		5939D69F2FE6EEB10079858D /* TeaDataManager.swift in Sources */ = {isa = PBXBuildFile; fileRef = 5939D69E2FE6EEB10079858D /* TeaDataManager.swift */; };
/* End PBXBuildFile section */

/* Begin PBXFileReference section */
		5939D5B42FE073330079858D /* Exam37Lesson.app */ = {isa = PBXFileReference; explicitFileType = wrapper.application; includeInIndex = 0; path = Exam37Lesson.app; sourceTree = BUILT_PRODUCTS_DIR; };
		5939D6852FE6EA2F0079858D /* AppDelegate.swift */ = {isa = PBXFileReference; lastKnownFileType = sourcecode.swift; path = AppDelegate.swift; sourceTree = "<group>"; };
		5939D6862FE6EA2F0079858D /* Assets.xcassets */ = {isa = PBXFileReference; lastKnownFileType = folder.assetcatalog; path = Assets.xcassets; sourceTree = "<group>"; };
		5939D6872FE6EA2F0079858D /* HorizontalScrollView.swift */ = {isa = PBXFileReference; lastKnownFileType = sourcecode.swift; path = HorizontalScrollView.swift; sourceTree = "<group>"; };
		5939D6882FE6EA2F0079858D /* Info.plist */ = {isa = PBXFileReference; lastKnownFileType = text.plist.xml; path = Info.plist; sourceTree = "<group>"; };
		5939D6892FE6EA2F0079858D /* Base */ = {isa = PBXFileReference; lastKnownFileType = file.storyboard; name = Base; path = Base.lproj/LaunchScreen.storyboard; sourceTree = "<group>"; };
		5939D68B2FE6EA2F0079858D /* NestedTypes.swift */ = {isa = PBXFileReference; lastKnownFileType = sourcecode.swift; path = NestedTypes.swift; sourceTree = "<group>"; };
		5939D68C2FE6EA2F0079858D /* SceneDelegate.swift */ = {isa = PBXFileReference; lastKnownFileType = sourcecode.swift; path = SceneDelegate.swift; sourceTree = "<group>"; };
		5939D68E2FE6EA2F0079858D /* ViewController.swift */ = {isa = PBXFileReference; lastKnownFileType = sourcecode.swift; path = ViewController.swift; sourceTree = "<group>"; };
		5939D69C2FE6EDE40079858D /* TeaManager.swift */ = {isa = PBXFileReference; lastKnownFileType = sourcecode.swift; path = TeaManager.swift; sourceTree = "<group>"; };
		5939D69E2FE6EEB10079858D /* TeaDataManager.swift */ = {isa = PBXFileReference; lastKnownFileType = sourcecode.swift; path = TeaDataManager.swift; sourceTree = "<group>"; };
/* End PBXFileReference section */

/* Begin PBXFrameworksBuildPhase section */
		5939D5B12FE073330079858D /* Frameworks */ = {
			isa = PBXFrameworksBuildPhase;
			buildActionMask = 2147483647;
			files = (
			);
			runOnlyForDeploymentPostprocessing = 0;
		};
/* End PBXFrameworksBuildPhase section */

/* Begin PBXGroup section */
		5939D5AB2FE073330079858D = {
			isa = PBXGroup;
			children = (
				5939D68F2FE6EA2F0079858D /* Exam37Lesson */,
				5939D5B52FE073330079858D /* Products */,
			);
			sourceTree = "<group>";
		};
		5939D5B52FE073330079858D /* Products */ = {
			isa = PBXGroup;
			children = (
				5939D5B42FE073330079858D /* Exam37Lesson.app */,
			);
			name = Products;
			sourceTree = "<group>";
		};
		5939D68F2FE6EA2F0079858D /* Exam37Lesson */ = {
			isa = PBXGroup;
			children = (
				5939D69A2FE6EA780079858D /* Resources */,
				5939D69B2FE6EA9E0079858D /* CustomElements */,
				5939D6992FE6EA3A0079858D /* Services */,
				5939D68E2FE6EA2F0079858D /* ViewController.swift */,
				5939D6852FE6EA2F0079858D /* AppDelegate.swift */,
				5939D68C2FE6EA2F0079858D /* SceneDelegate.swift */,
			);
			path = Exam37Lesson;
			sourceTree = "<group>";
		};
		5939D6992FE6EA3A0079858D /* Services */ = {
			isa = PBXGroup;
			children = (
				5939D68B2FE6EA2F0079858D /* NestedTypes.swift */,
				5939D69C2FE6EDE40079858D /* TeaManager.swift */,
				5939D69E2FE6EEB10079858D /* TeaDataManager.swift */,
			);
			path = Services;
			sourceTree = "<group>";
		};
		5939D69A2FE6EA780079858D /* Resources */ = {
			isa = PBXGroup;
			children = (
				5939D6862FE6EA2F0079858D /* Assets.xcassets */,
				5939D68A2FE6EA2F0079858D /* LaunchScreen.storyboard */,
				5939D6882FE6EA2F0079858D /* Info.plist */,
			);
			path = Resources;
			sourceTree = "<group>";
		};
		5939D69B2FE6EA9E0079858D /* CustomElements */ = {
			isa = PBXGroup;
			children = (
				5939D6872FE6EA2F0079858D /* HorizontalScrollView.swift */,
			);
			path = CustomElements;
			sourceTree = "<group>";
		};
/* End PBXGroup section */

/* Begin PBXNativeTarget section */
		5939D5B32FE073330079858D /* Exam37Lesson */ = {
			isa = PBXNativeTarget;
			buildConfigurationList = 5939D5C72FE073350079858D /* Build configuration list for PBXNativeTarget "Exam37Lesson" */;
			buildPhases = (
				5939D5B02FE073330079858D /* Sources */,
				5939D5B12FE073330079858D /* Frameworks */,
				5939D5B22FE073330079858D /* Resources */,
			);
			buildRules = (
			);
			dependencies = (
			);
			name = Exam37Lesson;
			packageProductDependencies = (
			);
			productName = Exam37Lesson;
			productReference = 5939D5B42FE073330079858D /* Exam37Lesson.app */;
			productType = "com.apple.product-type.application";
		};
/* End PBXNativeTarget section */

/* Begin PBXProject section */
		5939D5AC2FE073330079858D /* Project object */ = {
			isa = PBXProject;
			attributes = {
				BuildIndependentTargetsInParallel = 1;
				LastSwiftUpdateCheck = 1640;
				LastUpgradeCheck = 1640;
				TargetAttributes = {
					5939D5B32FE073330079858D = {
						CreatedOnToolsVersion = 16.4;
					};
				};
			};
			buildConfigurationList = 5939D5AF2FE073330079858D /* Build configuration list for PBXProject "Exam37Lesson" */;
			developmentRegion = en;
			hasScannedForEncodings = 0;
			knownRegions = (
				en,
				Base,
			);
			mainGroup = 5939D5AB2FE073330079858D;
			minimizedProjectReferenceProxies = 1;
			preferredProjectObjectVersion = 77;
			productRefGroup = 5939D5B52FE073330079858D /* Products */;
			projectDirPath = "";
			projectRoot = "";
			targets = (
				5939D5B32FE073330079858D /* Exam37Lesson */,
			);
		};
/* End PBXProject section */

/* Begin PBXResourcesBuildPhase section */
		5939D5B22FE073330079858D /* Resources */ = {
			isa = PBXResourcesBuildPhase;
			buildActionMask = 2147483647;
			files = (
				5939D6902FE6EA2F0079858D /* Assets.xcassets in Resources */,
				5939D6922FE6EA2F0079858D /* LaunchScreen.storyboard in Resources */,
			);
			runOnlyForDeploymentPostprocessing = 0;
		};
/* End PBXResourcesBuildPhase section */

/* Begin PBXSourcesBuildPhase section */
		5939D5B02FE073330079858D /* Sources */ = {
			isa = PBXSourcesBuildPhase;
			buildActionMask = 2147483647;
			files = (
				5939D69F2FE6EEB10079858D /* TeaDataManager.swift in Sources */,
				5939D6932FE6EA2F0079858D /* AppDelegate.swift in Sources */,
				5939D6942FE6EA2F0079858D /* HorizontalScrollView.swift in Sources */,
				5939D69D2FE6EDE40079858D /* TeaManager.swift in Sources */,
				5939D6952FE6EA2F0079858D /* NestedTypes.swift in Sources */,
				5939D6962FE6EA2F0079858D /* SceneDelegate.swift in Sources */,
				5939D6982FE6EA2F0079858D /* ViewController.swift in Sources */,
			);
			runOnlyForDeploymentPostprocessing = 0;
		};
/* End PBXSourcesBuildPhase section */

/* Begin PBXVariantGroup section */
		5939D68A2FE6EA2F0079858D /* LaunchScreen.storyboard */ = {
			isa = PBXVariantGroup;
			children = (
				5939D6892FE6EA2F0079858D /* Base */,
			);
			name = LaunchScreen.storyboard;
			sourceTree = "<group>";
		};
/* End PBXVariantGroup section */

/* Begin XCBuildConfiguration section */
		5939D5C82FE073350079858D /* Debug */ = {
			isa = XCBuildConfiguration;
			buildSettings = {
				ASSETCATALOG_COMPILER_APPICON_NAME = AppIcon;
				ASSETCATALOG_COMPILER_GLOBAL_ACCENT_COLOR_NAME = AccentColor;
				CODE_SIGN_STYLE = Automatic;
				CURRENT_PROJECT_VERSION = 1;
				GENERATE_INFOPLIST_FILE = YES;
				INFOPLIST_FILE = Exam37Lesson/Info.plist;
				INFOPLIST_KEY_UIApplicationSupportsIndirectInputEvents = YES;
				INFOPLIST_KEY_UILaunchStoryboardName = LaunchScreen;
				INFOPLIST_KEY_UISupportedInterfaceOrientations_iPad = "UIInterfaceOrientationPortrait UIInterfaceOrientationPortraitUpsideDown UIInterfaceOrientationLandscapeLeft UIInterfaceOrientationLandscapeRight";
				INFOPLIST_KEY_UISupportedInterfaceOrientations_iPhone = "UIInterfaceOrientationPortrait UIInterfaceOrientationLandscapeLeft UIInterfaceOrientationLandscapeRight";
				LD_RUNPATH_SEARCH_PATHS = (
					"$(inherited)",
					"@executable_path/Frameworks",
				);
				MARKETING_VERSION = 1.0;
				PRODUCT_BUNDLE_IDENTIFIER = bb.Exam37Lesson;
				PRODUCT_NAME = "$(TARGET_NAME)";
				SWIFT_EMIT_LOC_STRINGS = YES;
				SWIFT_VERSION = 5.0;
				TARGETED_DEVICE_FAMILY = "1,2";
			};
			name = Debug;
		};
		5939D5C92FE073350079858D /* Release */ = {
			isa = XCBuildConfiguration;
			buildSettings = {
				ASSETCATALOG_COMPILER_APPICON_NAME = AppIcon;
				ASSETCATALOG_COMPILER_GLOBAL_ACCENT_COLOR_NAME = AccentColor;
				CODE_SIGN_STYLE = Automatic;
				CURRENT_PROJECT_VERSION = 1;
				GENERATE_INFOPLIST_FILE = YES;
				INFOPLIST_FILE = Exam37Lesson/Info.plist;
				INFOPLIST_KEY_UIApplicationSupportsIndirectInputEvents = YES;
				INFOPLIST_KEY_UILaunchStoryboardName = LaunchScreen;
				INFOPLIST_KEY_UISupportedInterfaceOrientations_iPad = "UIInterfaceOrientationPortrait UIInterfaceOrientationPortraitUpsideDown UIInterfaceOrientationLandscapeLeft UIInterfaceOrientationLandscapeRight";
				INFOPLIST_KEY_UISupportedInterfaceOrientations_iPhone = "UIInterfaceOrientationPortrait UIInterfaceOrientationLandscapeLeft UIInterfaceOrientationLandscapeRight";
				LD_RUNPATH_SEARCH_PATHS = (
					"$(inherited)",
					"@executable_path/Frameworks",
				);
				MARKETING_VERSION = 1.0;
				PRODUCT_BUNDLE_IDENTIFIER = bb.Exam37Lesson;
				PRODUCT_NAME = "$(TARGET_NAME)";
				SWIFT_EMIT_LOC_STRINGS = YES;
				SWIFT_VERSION = 5.0;
				TARGETED_DEVICE_FAMILY = "1,2";
			};
			name = Release;
		};
		5939D5CA2FE073350079858D /* Debug */ = {
			isa = XCBuildConfiguration;
			buildSettings = {
				ALWAYS_SEARCH_USER_PATHS = NO;
				ASSETCATALOG_COMPILER_GENERATE_SWIFT_ASSET_SYMBOL_EXTENSIONS = YES;
				CLANG_ANALYZER_NONNULL = YES;
				CLANG_ANALYZER_NUMBER_OBJECT_CONVERSION = YES_AGGRESSIVE;
				CLANG_CXX_LANGUAGE_STANDARD = "gnu++20";
				CLANG_ENABLE_MODULES = YES;
				CLANG_ENABLE_OBJC_ARC = YES;
				CLANG_ENABLE_OBJC_WEAK = YES;
				CLANG_WARN_BLOCK_CAPTURE_AUTORELEASING = YES;
				CLANG_WARN_BOOL_CONVERSION = YES;
				CLANG_WARN_COMMA = YES;
				CLANG_WARN_CONSTANT_CONVERSION = YES;
				CLANG_WARN_DEPRECATED_OBJC_IMPLEMENTATIONS = YES;
				CLANG_WARN_DIRECT_OBJC_ISA_USAGE = YES_ERROR;
				CLANG_WARN_DOCUMENTATION_COMMENTS = YES;
				CLANG_WARN_EMPTY_BODY = YES;
				CLANG_WARN_ENUM_CONVERSION = YES;
				CLANG_WARN_INFINITE_RECURSION = YES;
				CLANG_WARN_INT_CONVERSION = YES;
				CLANG_WARN_NON_LITERAL_NULL_CONVERSION = YES;
				CLANG_WARN_OBJC_IMPLICIT_RETAIN_SELF = YES;
				CLANG_WARN_OBJC_LITERAL_CONVERSION = YES;
				CLANG_WARN_OBJC_ROOT_CLASS = YES_ERROR;
				CLANG_WARN_QUOTED_INCLUDE_IN_FRAMEWORK_HEADER = YES;
				CLANG_WARN_RANGE_LOOP_ANALYSIS = YES;
				CLANG_WARN_STRICT_PROTOTYPES = YES;
				CLANG_WARN_SUSPICIOUS_MOVE = YES;
				CLANG_WARN_UNGUARDED_AVAILABILITY = YES_AGGRESSIVE;
				CLANG_WARN_UNREACHABLE_CODE = YES;
				CLANG_WARN__DUPLICATE_METHOD_MATCH = YES;
				COPY_PHASE_STRIP = NO;
				DEBUG_INFORMATION_FORMAT = dwarf;
				ENABLE_STRICT_OBJC_MSGSEND = YES;
				ENABLE_TESTABILITY = YES;
				ENABLE_USER_SCRIPT_SANDBOXING = YES;
				GCC_C_LANGUAGE_STANDARD = gnu17;
				GCC_DYNAMIC_NO_PIC = NO;
				GCC_NO_COMMON_BLOCKS = YES;
				GCC_OPTIMIZATION_LEVEL = 0;
				GCC_PREPROCESSOR_DEFINITIONS = (
					"DEBUG=1",
					"$(inherited)",
				);
				GCC_WARN_64_TO_32_BIT_CONVERSION = YES;
				GCC_WARN_ABOUT_RETURN_TYPE = YES_ERROR;
				GCC_WARN_UNDECLARED_SELECTOR = YES;
				GCC_WARN_UNINITIALIZED_AUTOS = YES_AGGRESSIVE;
				GCC_WARN_UNUSED_FUNCTION = YES;
				GCC_WARN_UNUSED_VARIABLE = YES;
				IPHONEOS_DEPLOYMENT_TARGET = 18.5;
				LOCALIZATION_PREFERS_STRING_CATALOGS = YES;
				MTL_ENABLE_DEBUG_INFO = INCLUDE_SOURCE;
				MTL_FAST_MATH = YES;
				ONLY_ACTIVE_ARCH = YES;
				SDKROOT = iphoneos;
				SWIFT_ACTIVE_COMPILATION_CONDITIONS = "DEBUG $(inherited)";
				SWIFT_OPTIMIZATION_LEVEL = "-Onone";
			};
			name = Debug;
		};
		5939D5CB2FE073350079858D /* Release */ = {
			isa = XCBuildConfiguration;
			buildSettings = {
				ALWAYS_SEARCH_USER_PATHS = NO;
				ASSETCATALOG_COMPILER_GENERATE_SWIFT_ASSET_SYMBOL_EXTENSIONS = YES;
				CLANG_ANALYZER_NONNULL = YES;
				CLANG_ANALYZER_NUMBER_OBJECT_CONVERSION = YES_AGGRESSIVE;
				CLANG_CXX_LANGUAGE_STANDARD = "gnu++20";
				CLANG_ENABLE_MODULES = YES;
				CLANG_ENABLE_OBJC_ARC = YES;
				CLANG_ENABLE_OBJC_WEAK = YES;
				CLANG_WARN_BLOCK_CAPTURE_AUTORELEASING = YES;
				CLANG_WARN_BOOL_CONVERSION = YES;
				CLANG_WARN_COMMA = YES;
				CLANG_WARN_CONSTANT_CONVERSION = YES;
				CLANG_WARN_DEPRECATED_OBJC_IMPLEMENTATIONS = YES;
				CLANG_WARN_DIRECT_OBJC_ISA_USAGE = YES_ERROR;
				CLANG_WARN_DOCUMENTATION_COMMENTS = YES;
				CLANG_WARN_EMPTY_BODY = YES;
				CLANG_WARN_ENUM_CONVERSION = YES;
				CLANG_WARN_INFINITE_RECURSION = YES;
				CLANG_WARN_INT_CONVERSION = YES;
				CLANG_WARN_NON_LITERAL_NULL_CONVERSION = YES;
				CLANG_WARN_OBJC_IMPLICIT_RETAIN_SELF = YES;
				CLANG_WARN_OBJC_LITERAL_CONVERSION = YES;
				CLANG_WARN_OBJC_ROOT_CLASS = YES_ERROR;
				CLANG_WARN_QUOTED_INCLUDE_IN_FRAMEWORK_HEADER = YES;
				CLANG_WARN_RANGE_LOOP_ANALYSIS = YES;
				CLANG_WARN_STRICT_PROTOTYPES = YES;
				CLANG_WARN_SUSPICIOUS_MOVE = YES;
				CLANG_WARN_UNGUARDED_AVAILABILITY = YES_AGGRESSIVE;
				CLANG_WARN_UNREACHABLE_CODE = YES;
				CLANG_WARN__DUPLICATE_METHOD_MATCH = YES;
				COPY_PHASE_STRIP = NO;
				DEBUG_INFORMATION_FORMAT = "dwarf-with-dsym";
				ENABLE_NS_ASSERTIONS = NO;
				ENABLE_STRICT_OBJC_MSGSEND = YES;
				ENABLE_USER_SCRIPT_SANDBOXING = YES;
				GCC_C_LANGUAGE_STANDARD = gnu17;
				GCC_NO_COMMON_BLOCKS = YES;
				GCC_WARN_64_TO_32_BIT_CONVERSION = YES;
				GCC_WARN_ABOUT_RETURN_TYPE = YES_ERROR;
				GCC_WARN_UNDECLARED_SELECTOR = YES;
				GCC_WARN_UNINITIALIZED_AUTOS = YES_AGGRESSIVE;
				GCC_WARN_UNUSED_FUNCTION = YES;
				GCC_WARN_UNUSED_VARIABLE = YES;
				IPHONEOS_DEPLOYMENT_TARGET = 18.5;
				LOCALIZATION_PREFERS_STRING_CATALOGS = YES;
				MTL_ENABLE_DEBUG_INFO = NO;
				MTL_FAST_MATH = YES;
				SDKROOT = iphoneos;
				SWIFT_COMPILATION_MODE = wholemodule;
				VALIDATE_PRODUCT = YES;
			};
			name = Release;
		};
/* End XCBuildConfiguration section */

/* Begin XCConfigurationList section */
		5939D5AF2FE073330079858D /* Build configuration list for PBXProject "Exam37Lesson" */ = {
			isa = XCConfigurationList;
			buildConfigurations = (
				5939D5CA2FE073350079858D /* Debug */,
				5939D5CB2FE073350079858D /* Release */,
			);
			defaultConfigurationIsVisible = 0;
			defaultConfigurationName = Release;
		};
		5939D5C72FE073350079858D /* Build configuration list for PBXNativeTarget "Exam37Lesson" */ = {
			isa = XCConfigurationList;
			buildConfigurations = (
				5939D5C82FE073350079858D /* Debug */,
				5939D5C92FE073350079858D /* Release */,
			);
			defaultConfigurationIsVisible = 0;
			defaultConfigurationName = Release;
		};
/* End XCConfigurationList section */
	};
	rootObject = 5939D5AC2FE073330079858D /* Project object */;
}
